
Microsoft Visual Studio Solution File, Format Version 12.00
# Visual Studio Version 17
VisualStudioVersion = 17.6.33723.286
MinimumVisualStudioVersion = 10.0.40219.1
Project("{FAE04EC0-301F-11D3-BF4B-00C04F79EFBC}") = "petle", "petle\petle.csproj", "{FD6921BF-A469-416A-8548-F4CB41C354CD}"
EndProject
Global
	GlobalSection(SolutionConfigurationPlatforms) = preSolution
		Debug|Any CPU = Debug|Any CPU
		Release|Any CPU = Release|Any CPU
	EndGlobalSection
	GlobalSection(ProjectConfigurationPlatforms) = postSolution
		{FD6921BF-A469-416A-8548-F4CB41C354CD}.Debug|Any CPU.ActiveCfg = Debug|Any CPU
		{FD6921BF-A469-416A-8548-F4CB41C354CD}.Debug|Any CPU.Build.0 = Debug|Any CPU
		{FD6921BF-A469-416A-8548-F4CB41C354CD}.Release|Any CPU.ActiveCfg = Release|Any CPU
		{FD6921BF-A469-416A-8548-F4CB41C354CD}.Release|Any CPU.Build.0 = Release|Any CPU
	EndGlobalSection
	GlobalSection(SolutionProperties) = preSolution
		HideSolutionNode = FALSE
	EndGlobalSection
	GlobalSection(ExtensibilityGlobals) = postSolution
		SolutionGuid = {2AFAF34C-A4D3-49D1-BEE5-FB7A2AD5299E}
	EndGlobalSection
EndGlobal
